
Microsoft Visual Studio Solution File, Format Version 10.00
# Visual C++ Express 2008
Project("{8BC9CEB8-8B4A-11D0-8D11-00A0C91BC942}") = "lab_1", "lab_1\lab_1.vcproj", "{B3E02054-B507-46F4-B43B-B452A7781A0B}"
EndProject
Global
	GlobalSection(SolutionConfigurationPlatforms) = preSolution
		Debug|Win32 = Debug|Win32
		Release|Win32 = Release|Win32
	EndGlobalSection
	GlobalSection(ProjectConfigurationPlatforms) = postSolution
		{B3E02054-B507-46F4-B43B-B452A7781A0B}.Debug|Win32.ActiveCfg = Debug|Win32
		{B3E02054-B507-46F4-B43B-B452A7781A0B}.Debug|Win32.Build.0 = Debug|Win32
		{B3E02054-B507-46F4-B43B-B452A7781A0B}.Release|Win32.ActiveCfg = Release|Win32
		{B3E02054-B507-46F4-B43B-B452A7781A0B}.Release|Win32.Build.0 = Release|Win32
	EndGlobalSection
	GlobalSection(SolutionProperties) = preSolution
		HideSolutionNode = FALSE
	EndGlobalSection
EndGlobal
